
Microsoft Visual Studio Solution File, Format Version 12.00
# Visual Studio Version 16
VisualStudioVersion = 16.0.29905.134
MinimumVisualStudioVersion = 10.0.40219.1
Project("{FAE04EC0-301F-11D3-BF4B-00C04F79EFBC}") = "LoliScheme", "LoliScheme.csproj", "{4EDEEB52-3547-46FC-98D1-49F50ABF44CA}"
EndProject
Project("{FAE04EC0-301F-11D3-BF4B-00C04F79EFBC}") = "LoliScheme.Test", "..\LoliScheme.Test\LoliScheme.Test.csproj", "{050F1477-D097-484E-8868-122CE0743308}"
EndProject
Project("{FAE04EC0-301F-11D3-BF4B-00C04F79EFBC}") = "LoliSchemeTestApp", "..\LoliSchemeTestApp\LoliSchemeTestApp.csproj", "{8BE0AFD9-00BD-4C9D-9EDB-E7112D0D9E93}"
EndProject
Global
	GlobalSection(SolutionConfigurationPlatforms) = preSolution
		Debug|Any CPU = Debug|Any CPU
		Release|Any CPU = Release|Any CPU
	EndGlobalSection
	GlobalSection(ProjectConfigurationPlatforms) = postSolution
		{4EDEEB52-3547-46FC-98D1-49F50ABF44CA}.Debug|Any CPU.ActiveCfg = Debug|Any CPU
		{4EDEEB52-3547-46FC-98D1-49F50ABF44CA}.Debug|Any CPU.Build.0 = Debug|Any CPU
		{4EDEEB52-3547-46FC-98D1-49F50ABF44CA}.Release|Any CPU.ActiveCfg = Release|Any CPU
		{4EDEEB52-3547-46FC-98D1-49F50ABF44CA}.Release|Any CPU.Build.0 = Release|Any CPU
		{050F1477-D097-484E-8868-122CE0743308}.Debug|Any CPU.ActiveCfg = Debug|Any CPU
		{050F1477-D097-484E-8868-122CE0743308}.Debug|Any CPU.Build.0 = Debug|Any CPU
		{050F1477-D097-484E-8868-122CE0743308}.Release|Any CPU.ActiveCfg = Release|Any CPU
		{050F1477-D097-484E-8868-122CE0743308}.Release|Any CPU.Build.0 = Release|Any CPU
		{8BE0AFD9-00BD-4C9D-9EDB-E7112D0D9E93}.Debug|Any CPU.ActiveCfg = Debug|Any CPU
		{8BE0AFD9-00BD-4C9D-9EDB-E7112D0D9E93}.Debug|Any CPU.Build.0 = Debug|Any CPU
		{8BE0AFD9-00BD-4C9D-9EDB-E7112D0D9E93}.Release|Any CPU.ActiveCfg = Release|Any CPU
		{8BE0AFD9-00BD-4C9D-9EDB-E7112D0D9E93}.Release|Any CPU.Build.0 = Release|Any CPU
	EndGlobalSection
	GlobalSection(SolutionProperties) = preSolution
		HideSolutionNode = FALSE
	EndGlobalSection
	GlobalSection(ExtensibilityGlobals) = postSolution
		SolutionGuid = {5919B8A0-6D09-4B04-AF12-F7A7590349EB}
	EndGlobalSection
EndGlobal
